
Microsoft Visual Studio Solution File, Format Version 12.00
# Visual Studio Version 17
VisualStudioVersion = 17.14.36401.2 d17.14
MinimumVisualStudioVersion = 10.0.40219.1
Project("{FAE04EC0-301F-11D3-BF4B-00C04F79EFBC}") = "Contrato", "Contrato\Contrato.csproj", "{C5F5E4BB-16DF-41CD-BCD5-DA876DC1C298}"
EndProject
Global
	GlobalSection(SolutionConfigurationPlatforms) = preSolution
		Debug|Any CPU = Debug|Any CPU
		Release|Any CPU = Release|Any CPU
	EndGlobalSection
	GlobalSection(ProjectConfigurationPlatforms) = postSolution
		{C5F5E4BB-16DF-41CD-BCD5-DA876DC1C298}.Debug|Any CPU.ActiveCfg = Debug|Any CPU
		{C5F5E4BB-16DF-41CD-BCD5-DA876DC1C298}.Debug|Any CPU.Build.0 = Debug|Any CPU
		{C5F5E4BB-16DF-41CD-BCD5-DA876DC1C298}.Release|Any CPU.ActiveCfg = Release|Any CPU
		{C5F5E4BB-16DF-41CD-BCD5-DA876DC1C298}.Release|Any CPU.Build.0 = Release|Any CPU
	EndGlobalSection
	GlobalSection(SolutionProperties) = preSolution
		HideSolutionNode = FALSE
	EndGlobalSection
	GlobalSection(ExtensibilityGlobals) = postSolution
		SolutionGuid = {54039307-A26C-48E3-8C5E-4674976A5640}
	EndGlobalSection
EndGlobal
